
Microsoft Visual Studio Solution File, Format Version 12.00
# Visual Studio 14
VisualStudioVersion = 14.0.25420.1
MinimumVisualStudioVersion = 10.0.40219.1
Project("{2150E333-8FDC-42A3-9474-1A3956D46DE8}") = "src", "src", "{A25C1D8A-D920-48D4-9D4B-6F36D1EB8EB6}"
EndProject
Project("{2150E333-8FDC-42A3-9474-1A3956D46DE8}") = "Solution Items", "Solution Items", "{CAFD4A51-B838-4CFA-9F01-C78AAB77909F}"
	ProjectSection(SolutionItems) = preProject
		global.json = global.json
		readme.md = readme.md
	EndProjectSection
EndProject
Project("{8BB2217D-0F2D-49D1-97BC-3654ED321F3B}") = "AngularWebYo", "src\AngularWebYo\AngularWebYo.xproj", "{952620E6-26FF-4631-BD83-17855687B76C}"
EndProject
Global
	GlobalSection(SolutionConfigurationPlatforms) = preSolution
		Debug|Any CPU = Debug|Any CPU
		Release|Any CPU = Release|Any CPU
	EndGlobalSection
	GlobalSection(ProjectConfigurationPlatforms) = postSolution
		{952620E6-26FF-4631-BD83-17855687B76C}.Debug|Any CPU.ActiveCfg = Debug|Any CPU
		{952620E6-26FF-4631-BD83-17855687B76C}.Debug|Any CPU.Build.0 = Debug|Any CPU
		{952620E6-26FF-4631-BD83-17855687B76C}.Release|Any CPU.ActiveCfg = Release|Any CPU
		{952620E6-26FF-4631-BD83-17855687B76C}.Release|Any CPU.Build.0 = Release|Any CPU
	EndGlobalSection
	GlobalSection(SolutionProperties) = preSolution
		HideSolutionNode = FALSE
	EndGlobalSection
	GlobalSection(NestedProjects) = preSolution
		{952620E6-26FF-4631-BD83-17855687B76C} = {A25C1D8A-D920-48D4-9D4B-6F36D1EB8EB6}
	EndGlobalSection
EndGlobal
